
Microsoft Visual Studio Solution File, Format Version 12.00
# Visual Studio Version 17
VisualStudioVersion = 17.11.35017.193
MinimumVisualStudioVersion = 10.0.40219.1
Project("{9A19103F-16F7-4668-BE54-9A1E7A4F7556}") = "CleanArchitecture.Application", "CleanArchitecture.Application\CleanArchitecture.Application.csproj", "{4F2FDB8C-B5EB-4980-8830-AE7C195C4266}"
EndProject
Project("{9A19103F-16F7-4668-BE54-9A1E7A4F7556}") = "CleanArchitecture.Infrastructure", "CleanArchitecture.Infrastructure\CleanArchitecture.Infrastructure.csproj", "{79DCB71C-9621-4BB7-85B6-B5730F286834}"
EndProject
Project("{9A19103F-16F7-4668-BE54-9A1E7A4F7556}") = "CleanArchitecture.Domain", "CleanArchitecture.Domain\CleanArchitecture.Domain.csproj", "{4C10F37C-7A76-4473-B8F5-CB3B734F8E9B}"
EndProject
Project("{9A19103F-16F7-4668-BE54-9A1E7A4F7556}") = "CleanArchitecture.WebApi", "CleanArchitecture.WebApi\CleanArchitecture.WebApi.csproj", "{F8CE39DF-B56A-4E48-99EC-3B0571CCE047}"
EndProject
Project("{9A19103F-16F7-4668-BE54-9A1E7A4F7556}") = "CleanArchitecture.WebApp.Client", "CleanArchitecture.WebApp\CleanArchitecture.WebApp.Client\CleanArchitecture.WebApp.Client.csproj", "{4B36FDAD-014E-4BE7-9186-428C240D5656}"
EndProject
Global
	GlobalSection(SolutionConfigurationPlatforms) = preSolution
		Debug|Any CPU = Debug|Any CPU
		Release|Any CPU = Release|Any CPU
	EndGlobalSection
	GlobalSection(ProjectConfigurationPlatforms) = postSolution
		{4F2FDB8C-B5EB-4980-8830-AE7C195C4266}.Debug|Any CPU.ActiveCfg = Debug|Any CPU
		{4F2FDB8C-B5EB-4980-8830-AE7C195C4266}.Debug|Any CPU.Build.0 = Debug|Any CPU
		{4F2FDB8C-B5EB-4980-8830-AE7C195C4266}.Release|Any CPU.ActiveCfg = Release|Any CPU
		{4F2FDB8C-B5EB-4980-8830-AE7C195C4266}.Release|Any CPU.Build.0 = Release|Any CPU
		{79DCB71C-9621-4BB7-85B6-B5730F286834}.Debug|Any CPU.ActiveCfg = Debug|Any CPU
		{79DCB71C-9621-4BB7-85B6-B5730F286834}.Debug|Any CPU.Build.0 = Debug|Any CPU
		{79DCB71C-9621-4BB7-85B6-B5730F286834}.Release|Any CPU.ActiveCfg = Release|Any CPU
		{79DCB71C-9621-4BB7-85B6-B5730F286834}.Release|Any CPU.Build.0 = Release|Any CPU
		{4C10F37C-7A76-4473-B8F5-CB3B734F8E9B}.Debug|Any CPU.ActiveCfg = Debug|Any CPU
		{4C10F37C-7A76-4473-B8F5-CB3B734F8E9B}.Debug|Any CPU.Build.0 = Debug|Any CPU
		{4C10F37C-7A76-4473-B8F5-CB3B734F8E9B}.Release|Any CPU.ActiveCfg = Release|Any CPU
		{4C10F37C-7A76-4473-B8F5-CB3B734F8E9B}.Release|Any CPU.Build.0 = Release|Any CPU
		{F8CE39DF-B56A-4E48-99EC-3B0571CCE047}.Debug|Any CPU.ActiveCfg = Debug|Any CPU
		{F8CE39DF-B56A-4E48-99EC-3B0571CCE047}.Debug|Any CPU.Build.0 = Debug|Any CPU
		{F8CE39DF-B56A-4E48-99EC-3B0571CCE047}.Release|Any CPU.ActiveCfg = Release|Any CPU
		{F8CE39DF-B56A-4E48-99EC-3B0571CCE047}.Release|Any CPU.Build.0 = Release|Any CPU
		{4B36FDAD-014E-4BE7-9186-428C240D5656}.Debug|Any CPU.ActiveCfg = Debug|Any CPU
		{4B36FDAD-014E-4BE7-9186-428C240D5656}.Debug|Any CPU.Build.0 = Debug|Any CPU
		{4B36FDAD-014E-4BE7-9186-428C240D5656}.Release|Any CPU.ActiveCfg = Release|Any CPU
		{4B36FDAD-014E-4BE7-9186-428C240D5656}.Release|Any CPU.Build.0 = Release|Any CPU
	EndGlobalSection
	GlobalSection(SolutionProperties) = preSolution
		HideSolutionNode = FALSE
	EndGlobalSection
	GlobalSection(ExtensibilityGlobals) = postSolution
		SolutionGuid = {FA842C1C-AA88-4078-93D6-078D5345321F}
	EndGlobalSection
EndGlobal
